
Microsoft Visual Studio Solution File, Format Version 12.00
# Visual Studio Version 16
VisualStudioVersion = 16.0.33130.400
MinimumVisualStudioVersion = 10.0.40219.1
Project("{FAE04EC0-301F-11D3-BF4B-00C04F79EFBC}") = "UserTicketSystemData", "UserTicketSystemData\UserTicketSystemData.csproj", "{B75861C5-C303-481A-AEC0-16D8D45DD1F0}"
EndProject
Project("{FAE04EC0-301F-11D3-BF4B-00C04F79EFBC}") = "UserTicketSystemCore", "UserTicketSystemCore\UserTicketSystemCore.csproj", "{D04344C9-3604-4867-8FCA-ABF17DA58742}"
EndProject
Global
	GlobalSection(SolutionConfigurationPlatforms) = preSolution
		Debug|Any CPU = Debug|Any CPU
		Release|Any CPU = Release|Any CPU
	EndGlobalSection
	GlobalSection(ProjectConfigurationPlatforms) = postSolution
		{B75861C5-C303-481A-AEC0-16D8D45DD1F0}.Debug|Any CPU.ActiveCfg = Debug|Any CPU
		{B75861C5-C303-481A-AEC0-16D8D45DD1F0}.Debug|Any CPU.Build.0 = Debug|Any CPU
		{B75861C5-C303-481A-AEC0-16D8D45DD1F0}.Release|Any CPU.ActiveCfg = Release|Any CPU
		{B75861C5-C303-481A-AEC0-16D8D45DD1F0}.Release|Any CPU.Build.0 = Release|Any CPU
		{D04344C9-3604-4867-8FCA-ABF17DA58742}.Debug|Any CPU.ActiveCfg = Debug|Any CPU
		{D04344C9-3604-4867-8FCA-ABF17DA58742}.Debug|Any CPU.Build.0 = Debug|Any CPU
		{D04344C9-3604-4867-8FCA-ABF17DA58742}.Release|Any CPU.ActiveCfg = Release|Any CPU
		{D04344C9-3604-4867-8FCA-ABF17DA58742}.Release|Any CPU.Build.0 = Release|Any CPU
	EndGlobalSection
	GlobalSection(SolutionProperties) = preSolution
		HideSolutionNode = FALSE
	EndGlobalSection
	GlobalSection(ExtensibilityGlobals) = postSolution
		SolutionGuid = {AC8DE002-1D64-4FED-A035-F6B1FED7D4F1}
	EndGlobalSection
EndGlobal
